
Microsoft Visual Studio Solution File, Format Version 12.00
# Visual Studio Version 16
VisualStudioVersion = 16.0.30804.86
MinimumVisualStudioVersion = 10.0.40219.1
Project("{888888A0-9F3D-457C-B088-3A5042F75D52}") = "Oporajita", "Oporajita.pyproj", "{861E1857-CEE0-4093-8C11-E7834B3F1AC1}"
EndProject
Global
	GlobalSection(SolutionConfigurationPlatforms) = preSolution
		Debug|Any CPU = Debug|Any CPU
		Release|Any CPU = Release|Any CPU
	EndGlobalSection
	GlobalSection(ProjectConfigurationPlatforms) = postSolution
		{861E1857-CEE0-4093-8C11-E7834B3F1AC1}.Debug|Any CPU.ActiveCfg = Debug|Any CPU
		{861E1857-CEE0-4093-8C11-E7834B3F1AC1}.Release|Any CPU.ActiveCfg = Release|Any CPU
	EndGlobalSection
	GlobalSection(SolutionProperties) = preSolution
		HideSolutionNode = FALSE
	EndGlobalSection
	GlobalSection(ExtensibilityGlobals) = postSolution
		SolutionGuid = {117BDF30-B323-4E68-B71E-32F507220A3D}
	EndGlobalSection
EndGlobal
